
Microsoft Visual Studio Solution File, Format Version 12.00
# Visual Studio Version 16
VisualStudioVersion = 16.0.33927.289
MinimumVisualStudioVersion = 10.0.40219.1
Project("{FAE04EC0-301F-11D3-BF4B-00C04F79EFBC}") = "Csharp-User_login-NZ", "Csharp-User_login-NZ\Csharp-User_login-NZ.csproj", "{4682BE4C-5CEC-40EA-AD51-577F18836771}"
EndProject
Global
	GlobalSection(SolutionConfigurationPlatforms) = preSolution
		Debug|Any CPU = Debug|Any CPU
		Release|Any CPU = Release|Any CPU
	EndGlobalSection
	GlobalSection(ProjectConfigurationPlatforms) = postSolution
		{4682BE4C-5CEC-40EA-AD51-577F18836771}.Debug|Any CPU.ActiveCfg = Debug|Any CPU
		{4682BE4C-5CEC-40EA-AD51-577F18836771}.Debug|Any CPU.Build.0 = Debug|Any CPU
		{4682BE4C-5CEC-40EA-AD51-577F18836771}.Release|Any CPU.ActiveCfg = Release|Any CPU
		{4682BE4C-5CEC-40EA-AD51-577F18836771}.Release|Any CPU.Build.0 = Release|Any CPU
	EndGlobalSection
	GlobalSection(SolutionProperties) = preSolution
		HideSolutionNode = FALSE
	EndGlobalSection
	GlobalSection(ExtensibilityGlobals) = postSolution
		SolutionGuid = {9CFDEAB0-D460-41AD-8518-89F9D8D2F327}
	EndGlobalSection
EndGlobal
